
Microsoft Visual Studio Solution File, Format Version 12.00
# Visual Studio Version 17
VisualStudioVersion = 17.1.32228.430
MinimumVisualStudioVersion = 10.0.40219.1
Project("{FAE04EC0-301F-11D3-BF4B-00C04F79EFBC}") = "ProjectManager.EntidadesDeNegocio", "ProjectManager.EntidadesDeNegocio\ProjectManager.EntidadesDeNegocio.csproj", "{23B2429E-35BF-4E39-A7D1-3F3032E5B811}"
EndProject
Project("{FAE04EC0-301F-11D3-BF4B-00C04F79EFBC}") = "ProjectManager.AccesoADatos", "ProjectManager.AccesoADatos\ProjectManager.AccesoADatos.csproj", "{9CDDC31C-7D4C-42AB-90CC-8242F0316343}"
EndProject
Project("{FAE04EC0-301F-11D3-BF4B-00C04F79EFBC}") = "ProjectManager.LogicaDeNegocios", "ProjectManager.LogicaDeNegocios\ProjectManager.LogicaDeNegocios.csproj", "{EEFE227D-EF14-4F25-A21D-4ADD31E0FA95}"
EndProject
Project("{FAE04EC0-301F-11D3-BF4B-00C04F79EFBC}") = "ProjectManager.PruebasUnitarias", "ProjectManager.PruebasUnitarias\ProjectManager.PruebasUnitarias.csproj", "{C9FAC7E7-B7BA-484A-9A3F-7FC7AEA055B7}"
EndProject
Project("{FAE04EC0-301F-11D3-BF4B-00C04F79EFBC}") = "ProjectManager.WebApi", "ProjectManager.WebApi\ProjectManager.WebApi.csproj", "{B3528B2A-A185-44A9-BE16-D30B22CA3418}"
EndProject
Global
	GlobalSection(SolutionConfigurationPlatforms) = preSolution
		Debug|Any CPU = Debug|Any CPU
		Release|Any CPU = Release|Any CPU
	EndGlobalSection
	GlobalSection(ProjectConfigurationPlatforms) = postSolution
		{23B2429E-35BF-4E39-A7D1-3F3032E5B811}.Debug|Any CPU.ActiveCfg = Debug|Any CPU
		{23B2429E-35BF-4E39-A7D1-3F3032E5B811}.Debug|Any CPU.Build.0 = Debug|Any CPU
		{23B2429E-35BF-4E39-A7D1-3F3032E5B811}.Release|Any CPU.ActiveCfg = Release|Any CPU
		{23B2429E-35BF-4E39-A7D1-3F3032E5B811}.Release|Any CPU.Build.0 = Release|Any CPU
		{9CDDC31C-7D4C-42AB-90CC-8242F0316343}.Debug|Any CPU.ActiveCfg = Debug|Any CPU
		{9CDDC31C-7D4C-42AB-90CC-8242F0316343}.Debug|Any CPU.Build.0 = Debug|Any CPU
		{9CDDC31C-7D4C-42AB-90CC-8242F0316343}.Release|Any CPU.ActiveCfg = Release|Any CPU
		{9CDDC31C-7D4C-42AB-90CC-8242F0316343}.Release|Any CPU.Build.0 = Release|Any CPU
		{EEFE227D-EF14-4F25-A21D-4ADD31E0FA95}.Debug|Any CPU.ActiveCfg = Debug|Any CPU
		{EEFE227D-EF14-4F25-A21D-4ADD31E0FA95}.Debug|Any CPU.Build.0 = Debug|Any CPU
		{EEFE227D-EF14-4F25-A21D-4ADD31E0FA95}.Release|Any CPU.ActiveCfg = Release|Any CPU
		{EEFE227D-EF14-4F25-A21D-4ADD31E0FA95}.Release|Any CPU.Build.0 = Release|Any CPU
		{C9FAC7E7-B7BA-484A-9A3F-7FC7AEA055B7}.Debug|Any CPU.ActiveCfg = Debug|Any CPU
		{C9FAC7E7-B7BA-484A-9A3F-7FC7AEA055B7}.Debug|Any CPU.Build.0 = Debug|Any CPU
		{C9FAC7E7-B7BA-484A-9A3F-7FC7AEA055B7}.Release|Any CPU.ActiveCfg = Release|Any CPU
		{C9FAC7E7-B7BA-484A-9A3F-7FC7AEA055B7}.Release|Any CPU.Build.0 = Release|Any CPU
		{B3528B2A-A185-44A9-BE16-D30B22CA3418}.Debug|Any CPU.ActiveCfg = Debug|Any CPU
		{B3528B2A-A185-44A9-BE16-D30B22CA3418}.Debug|Any CPU.Build.0 = Debug|Any CPU
		{B3528B2A-A185-44A9-BE16-D30B22CA3418}.Release|Any CPU.ActiveCfg = Release|Any CPU
		{B3528B2A-A185-44A9-BE16-D30B22CA3418}.Release|Any CPU.Build.0 = Release|Any CPU
	EndGlobalSection
	GlobalSection(SolutionProperties) = preSolution
		HideSolutionNode = FALSE
	EndGlobalSection
	GlobalSection(ExtensibilityGlobals) = postSolution
		SolutionGuid = {2082823F-7154-4C2A-AC0B-6011757EEA28}
	EndGlobalSection
EndGlobal
